<?xml version="1.0" encoding="utf-8"?>
<Project ToolsVersion="4.0" xmlns="http://schemas.microsoft.com/developer/msbuild/2003">
  <ItemGroup>
    <Filter Include="Source Files">
      <UniqueIdentifier>{4FC737F1-C7A5-4376-A066-2A32D752A2FF}</UniqueIdentifier>
      <Extensions>cpp;c;cc;cxx;def;odl;idl;hpj;bat;asm;asmx</Extensions>
    </Filter>
    <Filter Include="Header Files">
      <UniqueIdentifier>{93995380-89BD-4b04-88EB-625FBE52EBFB}</UniqueIdentifier>
      <Extensions>h;hh;hpp;hxx;hm;inl;inc;xsd</Extensions>
    </Filter>
    <Filter Include="Resource Files">
      <UniqueIdentifier>{67DA6AB6-F800-4c08-8B7A-83BB121AAD01}</UniqueIdentifier>
      <Extensions>rc;ico;cur;bmp;dlg;rc2;rct;bin;rgs;gif;jpg;jpeg;jpe;resx;tiff;tif;png;wav;mfcribbon-ms</Extensions>
    </Filter>
    <Filter Include="Header Files\dicenotation">
      <UniqueIdentifier>{cca510b5-ba20-4abb-86c6-63065a8d9f66}</UniqueIdentifier>
    </Filter>
    <Filter Include="Header Files\dicenotation\parser">
      <UniqueIdentifier>{3a85c156-29e3-43e6-a477-2054703b86fa}</UniqueIdentifier>
    </Filter>
    <Filter Include="Header Files\dicenotation\interfaces">
      <UniqueIdentifier>{ecddcbff-63d5-4acb-94ad-5feecaf35de8}</UniqueIdentifier>
    </Filter>
    <Filter Include="Header Files\dicenotation\roller">
      <UniqueIdentifier>{0257be49-ef94-49f0-942c-5d30adad773d}</UniqueIdentifier>
    </Filter>
  </ItemGroup>
  <ItemGroup>
    <ClCompile Include="src\DiceStruct.cpp">
      <Filter>Source Files</Filter>
    </ClCompile>
    <ClCompile Include="src\DiceParser.cpp">
      <Filter>Source Files</Filter>
    </ClCompile>
    <ClCompile Include="src\IDiceParser.cpp">
      <Filter>Source Files</Filter>
    </ClCompile>
    <ClCompile Include="src\DiceNotation.cpp">
      <Filter>Source Files</Filter>
    </ClCompile>
  </ItemGroup>
  <ItemGroup>
    <ClInclude Include="include\DiceNotation.h">
      <Filter>Header Files</Filter>
    </ClInclude>
    <ClInclude Include="include\dicenotation\DiceStruct.h">
      <Filter>Header Files\dicenotation</Filter>
    </ClInclude>
    <ClInclude Include="include\dicenotation\parser\DiceParser.h">
      <Filter>Header Files\dicenotation\parser</Filter>
    </ClInclude>
    <ClInclude Include="include\dicenotation\interfaces\IDiceParser.h">
      <Filter>Header Files\dicenotation\interfaces</Filter>
    </ClInclude>
    <ClInclude Include="include\dicenotation\interfaces\IDiceRoller.h">
      <Filter>Header Files\dicenotation\interfaces</Filter>
    </ClInclude>
    <ClInclude Include="include\dicenotation\roller\StdRandomRoller.h">
      <Filter>Header Files\dicenotation\roller</Filter>
    </ClInclude>
  </ItemGroup>
  <ItemGroup>
    <None Include="DiceNotation.licenseheader" />
  </ItemGroup>
</Project>